// !$*UTF8*$!
{
	archiveVersion = 1;
	classes = {
	};
	objectVersion = 50;
	objects = {

/* Begin PBXBuildFile section */
		E9023EF423F5E71F0099EFEE /* ArrayExtension.swift in Sources */ = {isa = PBXBuildFile; fileRef = E9023EF323F5E71F0099EFEE /* ArrayExtension.swift */; };
		E9047CAD23A80900005183AB /* SetsViewModel.swift in Sources */ = {isa = PBXBuildFile; fileRef = E9047CAC23A80900005183AB /* SetsViewModel.swift */; };
		E9510D8723AFBF7B0092E487 /* UISetDelegate.swift in Sources */ = {isa = PBXBuildFile; fileRef = E9510D8623AFBF7B0092E487 /* UISetDelegate.swift */; };
		E951C2E0239830AD00EF90CC /* Set.swift in Sources */ = {isa = PBXBuildFile; fileRef = E951C2DF239830AD00EF90CC /* Set.swift */; };
		E951C2E22398310D00EF90CC /* SetsTableViewCell.swift in Sources */ = {isa = PBXBuildFile; fileRef = E951C2E12398310D00EF90CC /* SetsTableViewCell.swift */; };
		E96B541C23AC161E00EC5416 /* SetCell.swift in Sources */ = {isa = PBXBuildFile; fileRef = E96B541B23AC161E00EC5416 /* SetCell.swift */; };
		E97022D523E9F0E4005D7E79 /* AppConfig.swift in Sources */ = {isa = PBXBuildFile; fileRef = E97022D423E9F0E4005D7E79 /* AppConfig.swift */; };
		E97620362177B1A4009257E8 /* AppDelegate.swift in Sources */ = {isa = PBXBuildFile; fileRef = E97620352177B1A4009257E8 /* AppDelegate.swift */; };
		E976203D2177B1A4009257E8 /* Main.storyboard in Resources */ = {isa = PBXBuildFile; fileRef = E976203B2177B1A4009257E8 /* Main.storyboard */; };
		E976203F2177B1A7009257E8 /* Assets.xcassets in Resources */ = {isa = PBXBuildFile; fileRef = E976203E2177B1A7009257E8 /* Assets.xcassets */; };
		E97620422177B1A7009257E8 /* LaunchScreen.storyboard in Resources */ = {isa = PBXBuildFile; fileRef = E97620402177B1A7009257E8 /* LaunchScreen.storyboard */; };
		E976204D2177B1A7009257E8 /* LegoIosTests.swift in Sources */ = {isa = PBXBuildFile; fileRef = E976204C2177B1A7009257E8 /* LegoIosTests.swift */; };
		E97620582177B1A7009257E8 /* SetListTests.swift in Sources */ = {isa = PBXBuildFile; fileRef = E97620572177B1A7009257E8 /* SetListTests.swift */; };
		E977053923C09DD000B5E002 /* InfoViewController.swift in Sources */ = {isa = PBXBuildFile; fileRef = E977053823C09DD000B5E002 /* InfoViewController.swift */; };
		E977053C23C51C4100B5E002 /* SetPartViewModel.swift in Sources */ = {isa = PBXBuildFile; fileRef = E977053B23C51C4100B5E002 /* SetPartViewModel.swift */; };
		E977053E23C51FEE00B5E002 /* SetPartCell.swift in Sources */ = {isa = PBXBuildFile; fileRef = E977053D23C51FEE00B5E002 /* SetPartCell.swift */; };
		E988FF68239852F0006272FD /* SetsTableViewController.swift in Sources */ = {isa = PBXBuildFile; fileRef = E988FF67239852F0006272FD /* SetsTableViewController.swift */; };
		E988FF73239A2BFF006272FD /* UIImageExtension.swift in Sources */ = {isa = PBXBuildFile; fileRef = E988FF72239A2BFF006272FD /* UIImageExtension.swift */; };
		E9960ACF23A26E0800E2FE18 /* SetDetails.storyboard in Resources */ = {isa = PBXBuildFile; fileRef = E9960ACE23A26E0800E2FE18 /* SetDetails.storyboard */; };
		E9960AD623A2714D00E2FE18 /* SetTabBarViewController.swift in Sources */ = {isa = PBXBuildFile; fileRef = E9960AD523A2714D00E2FE18 /* SetTabBarViewController.swift */; };
		E99F4AC323F36CF5008DE7A4 /* Default-568h@2x.png in Resources */ = {isa = PBXBuildFile; fileRef = E99F4AC223F36CF5008DE7A4 /* Default-568h@2x.png */; };
		E9A85A6223B55BFA005A5A35 /* SetDetailsViewModel.swift in Sources */ = {isa = PBXBuildFile; fileRef = E9A85A6123B55BFA005A5A35 /* SetDetailsViewModel.swift */; };
		E9A85A6823B5E456005A5A35 /* Constants.swift in Sources */ = {isa = PBXBuildFile; fileRef = E9A85A6723B5E456005A5A35 /* Constants.swift */; };
		E9A85A6A23B74867005A5A35 /* Theme.swift in Sources */ = {isa = PBXBuildFile; fileRef = E9A85A6923B74867005A5A35 /* Theme.swift */; };
		E9C771C723BA18DC00D2BCB2 /* SetPartsTableViewController.swift in Sources */ = {isa = PBXBuildFile; fileRef = E9C771C623BA18DC00D2BCB2 /* SetPartsTableViewController.swift */; };
		E9C771C923BA191200D2BCB2 /* SetPartsTableViewCell.swift in Sources */ = {isa = PBXBuildFile; fileRef = E9C771C823BA191200D2BCB2 /* SetPartsTableViewCell.swift */; };
		E9C771CB23BA223400D2BCB2 /* SetPartsViewModel.swift in Sources */ = {isa = PBXBuildFile; fileRef = E9C771CA23BA223400D2BCB2 /* SetPartsViewModel.swift */; };
		E9C771CF23BA276800D2BCB2 /* SetDetailsViewController.swift in Sources */ = {isa = PBXBuildFile; fileRef = E9C771CE23BA276800D2BCB2 /* SetDetailsViewController.swift */; };
		E9C771D123BA2A6200D2BCB2 /* SetPartsQueryResult.swift in Sources */ = {isa = PBXBuildFile; fileRef = E9C771D023BA2A6200D2BCB2 /* SetPartsQueryResult.swift */; };
		E9C771D323BA2B1900D2BCB2 /* SetPartDetailed.swift in Sources */ = {isa = PBXBuildFile; fileRef = E9C771D223BA2B1900D2BCB2 /* SetPartDetailed.swift */; };
		E9C771D523BA2BEC00D2BCB2 /* SetPart.swift in Sources */ = {isa = PBXBuildFile; fileRef = E9C771D423BA2BEC00D2BCB2 /* SetPart.swift */; };
		E9C771D723BA2DB600D2BCB2 /* SetPartColor.swift in Sources */ = {isa = PBXBuildFile; fileRef = E9C771D623BA2DB500D2BCB2 /* SetPartColor.swift */; };
		E9C771DB23BA89DE00D2BCB2 /* JSONNull.swift in Sources */ = {isa = PBXBuildFile; fileRef = E9C771DA23BA89DE00D2BCB2 /* JSONNull.swift */; };
		E9C771DF23BDD22D00D2BCB2 /* SearchTableViewController.swift in Sources */ = {isa = PBXBuildFile; fileRef = E9C771DE23BDD22D00D2BCB2 /* SearchTableViewController.swift */; };
		E9CD517323ECC3D400C36D15 /* TestHelpers.swift in Sources */ = {isa = PBXBuildFile; fileRef = E97CD4B023DD80E1001A3361 /* TestHelpers.swift */; };
		E9CD517623ECC55600C36D15 /* TabBarTests.swift in Sources */ = {isa = PBXBuildFile; fileRef = E9CD517523ECC55600C36D15 /* TabBarTests.swift */; };
		E9CD517823ECC58E00C36D15 /* PartsTests.swift in Sources */ = {isa = PBXBuildFile; fileRef = E9CD517723ECC58E00C36D15 /* PartsTests.swift */; };
		E9CD517A23ECC5B200C36D15 /* SearchTests.swift in Sources */ = {isa = PBXBuildFile; fileRef = E9CD517923ECC5B200C36D15 /* SearchTests.swift */; };
		E9CD517C23ECC5CA00C36D15 /* SetDetailTests.swift in Sources */ = {isa = PBXBuildFile; fileRef = E9CD517B23ECC5CA00C36D15 /* SetDetailTests.swift */; };
		E9CD517E23ECC5E200C36D15 /* PoliciesTests.swift in Sources */ = {isa = PBXBuildFile; fileRef = E9CD517D23ECC5E200C36D15 /* PoliciesTests.swift */; };
		E9CD518123F1E1EE00C36D15 /* SetPartsViewModelTests.swift in Sources */ = {isa = PBXBuildFile; fileRef = E9CD518023F1E1EE00C36D15 /* SetPartsViewModelTests.swift */; };
		E9CD518523F1E8E700C36D15 /* API.swift in Sources */ = {isa = PBXBuildFile; fileRef = E9CD518423F1E8E700C36D15 /* API.swift */; };
		E9CD518723F1E94800C36D15 /* APIDelegate.swift in Sources */ = {isa = PBXBuildFile; fileRef = E9CD518623F1E94800C36D15 /* APIDelegate.swift */; };
		E9CD518923F21A4D00C36D15 /* UIImageExtensionTests.swift in Sources */ = {isa = PBXBuildFile; fileRef = E9CD518823F21A4D00C36D15 /* UIImageExtensionTests.swift */; };
		E9CD518B23F21CC700C36D15 /* Media.xcassets in Resources */ = {isa = PBXBuildFile; fileRef = E9CD518A23F21CC700C36D15 /* Media.xcassets */; };
		E9CF8300239C01DA00DB309F /* SetsQueryResult.swift in Sources */ = {isa = PBXBuildFile; fileRef = E9CF82FF239C01DA00DB309F /* SetsQueryResult.swift */; };
		E9D79D3D23A8C16600046B41 /* UIImageService.swift in Sources */ = {isa = PBXBuildFile; fileRef = E9D79D3C23A8C16600046B41 /* UIImageService.swift */; };
		E9D79D3F23A8C27000046B41 /* UIImageServiceDelegate.swift in Sources */ = {isa = PBXBuildFile; fileRef = E9D79D3E23A8C27000046B41 /* UIImageServiceDelegate.swift */; };
		E9D79D4923A9521300046B41 /* Fastlane.swift in Sources */ = {isa = PBXBuildFile; fileRef = E9D79D4823A9521300046B41 /* Fastlane.swift */; };
		E9D79D5123A9525200046B41 /* SnapshotHelper.swift in Sources */ = {isa = PBXBuildFile; fileRef = E9D79D5023A9525200046B41 /* SnapshotHelper.swift */; };
		E9DF836A23BDD7B9003D28A6 /* SearchViewModel.swift in Sources */ = {isa = PBXBuildFile; fileRef = E9DF836923BDD7B9003D28A6 /* SearchViewModel.swift */; };
		E9DF836C23BE7349003D28A6 /* SearchTableViewCell.swift in Sources */ = {isa = PBXBuildFile; fileRef = E9DF836B23BE7349003D28A6 /* SearchTableViewCell.swift */; };
		E9F741BE23F372FE00FA1805 /* LaunchArguments.swift in Sources */ = {isa = PBXBuildFile; fileRef = E9F741BD23F372FE00FA1805 /* LaunchArguments.swift */; };
		E9FBC1C523A360EB003D96C1 /* LegoIos.xcdatamodeld in Sources */ = {isa = PBXBuildFile; fileRef = E9FBC1C323A360EB003D96C1 /* LegoIos.xcdatamodeld */; };
/* End PBXBuildFile section */

/* Begin PBXContainerItemProxy section */
		E97620492177B1A7009257E8 /* PBXContainerItemProxy */ = {
			isa = PBXContainerItemProxy;
			containerPortal = E976202A2177B1A4009257E8 /* Project object */;
			proxyType = 1;
			remoteGlobalIDString = E97620312177B1A4009257E8;
			remoteInfo = LegoIos;
		};
		E97620542177B1A7009257E8 /* PBXContainerItemProxy */ = {
			isa = PBXContainerItemProxy;
			containerPortal = E976202A2177B1A4009257E8 /* Project object */;
			proxyType = 1;
			remoteGlobalIDString = E97620312177B1A4009257E8;
			remoteInfo = LegoIos;
		};
		E9D79D4B23A9521300046B41 /* PBXContainerItemProxy */ = {
			isa = PBXContainerItemProxy;
			containerPortal = E976202A2177B1A4009257E8 /* Project object */;
			proxyType = 1;
			remoteGlobalIDString = E97620312177B1A4009257E8;
			remoteInfo = LegoIos;
		};
/* End PBXContainerItemProxy section */

/* Begin PBXFileReference section */
		E9023EF323F5E71F0099EFEE /* ArrayExtension.swift */ = {isa = PBXFileReference; lastKnownFileType = sourcecode.swift; path = ArrayExtension.swift; sourceTree = "<group>"; };
		E9047CAC23A80900005183AB /* SetsViewModel.swift */ = {isa = PBXFileReference; lastKnownFileType = sourcecode.swift; path = SetsViewModel.swift; sourceTree = "<group>"; };
		E91134F823F34ED4009C23E2 /* LegoIos.xctestplan */ = {isa = PBXFileReference; lastKnownFileType = text; path = LegoIos.xctestplan; sourceTree = "<group>"; };
		E9510D8623AFBF7B0092E487 /* UISetDelegate.swift */ = {isa = PBXFileReference; lastKnownFileType = sourcecode.swift; path = UISetDelegate.swift; sourceTree = "<group>"; };
		E951C2DF239830AD00EF90CC /* Set.swift */ = {isa = PBXFileReference; lastKnownFileType = sourcecode.swift; path = Set.swift; sourceTree = "<group>"; };
		E951C2E12398310D00EF90CC /* SetsTableViewCell.swift */ = {isa = PBXFileReference; lastKnownFileType = sourcecode.swift; path = SetsTableViewCell.swift; sourceTree = "<group>"; };
		E96B541B23AC161E00EC5416 /* SetCell.swift */ = {isa = PBXFileReference; lastKnownFileType = sourcecode.swift; path = SetCell.swift; sourceTree = "<group>"; };
		E97022D423E9F0E4005D7E79 /* AppConfig.swift */ = {isa = PBXFileReference; lastKnownFileType = sourcecode.swift; path = AppConfig.swift; sourceTree = "<group>"; };
		E97620322177B1A4009257E8 /* LegoIos.app */ = {isa = PBXFileReference; explicitFileType = wrapper.application; includeInIndex = 0; path = LegoIos.app; sourceTree = BUILT_PRODUCTS_DIR; };
		E97620352177B1A4009257E8 /* AppDelegate.swift */ = {isa = PBXFileReference; lastKnownFileType = sourcecode.swift; path = AppDelegate.swift; sourceTree = "<group>"; };
		E976203C2177B1A4009257E8 /* Base */ = {isa = PBXFileReference; lastKnownFileType = file.storyboard; name = Base; path = Base.lproj/Main.storyboard; sourceTree = "<group>"; };
		E976203E2177B1A7009257E8 /* Assets.xcassets */ = {isa = PBXFileReference; lastKnownFileType = folder.assetcatalog; path = Assets.xcassets; sourceTree = "<group>"; };
		E97620412177B1A7009257E8 /* Base */ = {isa = PBXFileReference; lastKnownFileType = file.storyboard; name = Base; path = Base.lproj/LaunchScreen.storyboard; sourceTree = "<group>"; };
		E97620432177B1A7009257E8 /* Info.plist */ = {isa = PBXFileReference; lastKnownFileType = text.plist.xml; path = Info.plist; sourceTree = "<group>"; };
		E97620482177B1A7009257E8 /* LegoIosTests.xctest */ = {isa = PBXFileReference; explicitFileType = wrapper.cfbundle; includeInIndex = 0; path = LegoIosTests.xctest; sourceTree = BUILT_PRODUCTS_DIR; };
		E976204C2177B1A7009257E8 /* LegoIosTests.swift */ = {isa = PBXFileReference; lastKnownFileType = sourcecode.swift; path = LegoIosTests.swift; sourceTree = "<group>"; };
		E976204E2177B1A7009257E8 /* Info.plist */ = {isa = PBXFileReference; lastKnownFileType = text.plist.xml; path = Info.plist; sourceTree = "<group>"; };
		E97620532177B1A7009257E8 /* LegoIosUITests.xctest */ = {isa = PBXFileReference; explicitFileType = wrapper.cfbundle; includeInIndex = 0; path = LegoIosUITests.xctest; sourceTree = BUILT_PRODUCTS_DIR; };
		E97620572177B1A7009257E8 /* SetListTests.swift */ = {isa = PBXFileReference; lastKnownFileType = sourcecode.swift; path = SetListTests.swift; sourceTree = "<group>"; };
		E97620592177B1A7009257E8 /* Info.plist */ = {isa = PBXFileReference; lastKnownFileType = text.plist.xml; path = Info.plist; sourceTree = "<group>"; };
		E977053823C09DD000B5E002 /* InfoViewController.swift */ = {isa = PBXFileReference; lastKnownFileType = sourcecode.swift; path = InfoViewController.swift; sourceTree = "<group>"; };
		E977053B23C51C4100B5E002 /* SetPartViewModel.swift */ = {isa = PBXFileReference; lastKnownFileType = sourcecode.swift; path = SetPartViewModel.swift; sourceTree = "<group>"; };
		E977053D23C51FEE00B5E002 /* SetPartCell.swift */ = {isa = PBXFileReference; lastKnownFileType = sourcecode.swift; path = SetPartCell.swift; sourceTree = "<group>"; };
		E97CD4B023DD80E1001A3361 /* TestHelpers.swift */ = {isa = PBXFileReference; lastKnownFileType = sourcecode.swift; path = TestHelpers.swift; sourceTree = "<group>"; };
		E988FF67239852F0006272FD /* SetsTableViewController.swift */ = {isa = PBXFileReference; lastKnownFileType = sourcecode.swift; path = SetsTableViewController.swift; sourceTree = "<group>"; };
		E988FF72239A2BFF006272FD /* UIImageExtension.swift */ = {isa = PBXFileReference; lastKnownFileType = sourcecode.swift; path = UIImageExtension.swift; sourceTree = "<group>"; };
		E9960ACE23A26E0800E2FE18 /* SetDetails.storyboard */ = {isa = PBXFileReference; lastKnownFileType = file.storyboard; path = SetDetails.storyboard; sourceTree = "<group>"; };
		E9960AD523A2714D00E2FE18 /* SetTabBarViewController.swift */ = {isa = PBXFileReference; lastKnownFileType = sourcecode.swift; path = SetTabBarViewController.swift; sourceTree = "<group>"; };
		E99F4AC223F36CF5008DE7A4 /* Default-568h@2x.png */ = {isa = PBXFileReference; lastKnownFileType = image.png; path = "Default-568h@2x.png"; sourceTree = "<group>"; };
		E9A85A6123B55BFA005A5A35 /* SetDetailsViewModel.swift */ = {isa = PBXFileReference; lastKnownFileType = sourcecode.swift; path = SetDetailsViewModel.swift; sourceTree = "<group>"; };
		E9A85A6723B5E456005A5A35 /* Constants.swift */ = {isa = PBXFileReference; lastKnownFileType = sourcecode.swift; path = Constants.swift; sourceTree = "<group>"; };
		E9A85A6923B74867005A5A35 /* Theme.swift */ = {isa = PBXFileReference; lastKnownFileType = sourcecode.swift; path = Theme.swift; sourceTree = "<group>"; };
		E9C771C623BA18DC00D2BCB2 /* SetPartsTableViewController.swift */ = {isa = PBXFileReference; lastKnownFileType = sourcecode.swift; path = SetPartsTableViewController.swift; sourceTree = "<group>"; };
		E9C771C823BA191200D2BCB2 /* SetPartsTableViewCell.swift */ = {isa = PBXFileReference; lastKnownFileType = sourcecode.swift; path = SetPartsTableViewCell.swift; sourceTree = "<group>"; };
		E9C771CA23BA223400D2BCB2 /* SetPartsViewModel.swift */ = {isa = PBXFileReference; lastKnownFileType = sourcecode.swift; path = SetPartsViewModel.swift; sourceTree = "<group>"; };
		E9C771CE23BA276800D2BCB2 /* SetDetailsViewController.swift */ = {isa = PBXFileReference; lastKnownFileType = sourcecode.swift; path = SetDetailsViewController.swift; sourceTree = "<group>"; };
		E9C771D023BA2A6200D2BCB2 /* SetPartsQueryResult.swift */ = {isa = PBXFileReference; lastKnownFileType = sourcecode.swift; path = SetPartsQueryResult.swift; sourceTree = "<group>"; };
		E9C771D223BA2B1900D2BCB2 /* SetPartDetailed.swift */ = {isa = PBXFileReference; lastKnownFileType = sourcecode.swift; path = SetPartDetailed.swift; sourceTree = "<group>"; };
		E9C771D423BA2BEC00D2BCB2 /* SetPart.swift */ = {isa = PBXFileReference; lastKnownFileType = sourcecode.swift; path = SetPart.swift; sourceTree = "<group>"; };
		E9C771D623BA2DB500D2BCB2 /* SetPartColor.swift */ = {isa = PBXFileReference; lastKnownFileType = sourcecode.swift; path = SetPartColor.swift; sourceTree = "<group>"; };
		E9C771DA23BA89DE00D2BCB2 /* JSONNull.swift */ = {isa = PBXFileReference; lastKnownFileType = sourcecode.swift; path = JSONNull.swift; sourceTree = "<group>"; };
		E9C771DE23BDD22D00D2BCB2 /* SearchTableViewController.swift */ = {isa = PBXFileReference; lastKnownFileType = sourcecode.swift; path = SearchTableViewController.swift; sourceTree = "<group>"; };
		E9CD517523ECC55600C36D15 /* TabBarTests.swift */ = {isa = PBXFileReference; lastKnownFileType = sourcecode.swift; path = TabBarTests.swift; sourceTree = "<group>"; };
		E9CD517723ECC58E00C36D15 /* PartsTests.swift */ = {isa = PBXFileReference; lastKnownFileType = sourcecode.swift; path = PartsTests.swift; sourceTree = "<group>"; };
		E9CD517923ECC5B200C36D15 /* SearchTests.swift */ = {isa = PBXFileReference; lastKnownFileType = sourcecode.swift; path = SearchTests.swift; sourceTree = "<group>"; };
		E9CD517B23ECC5CA00C36D15 /* SetDetailTests.swift */ = {isa = PBXFileReference; lastKnownFileType = sourcecode.swift; path = SetDetailTests.swift; sourceTree = "<group>"; };
		E9CD517D23ECC5E200C36D15 /* PoliciesTests.swift */ = {isa = PBXFileReference; lastKnownFileType = sourcecode.swift; path = PoliciesTests.swift; sourceTree = "<group>"; };
		E9CD518023F1E1EE00C36D15 /* SetPartsViewModelTests.swift */ = {isa = PBXFileReference; lastKnownFileType = sourcecode.swift; path = SetPartsViewModelTests.swift; sourceTree = "<group>"; };
		E9CD518423F1E8E700C36D15 /* API.swift */ = {isa = PBXFileReference; lastKnownFileType = sourcecode.swift; path = API.swift; sourceTree = "<group>"; };
		E9CD518623F1E94800C36D15 /* APIDelegate.swift */ = {isa = PBXFileReference; lastKnownFileType = sourcecode.swift; path = APIDelegate.swift; sourceTree = "<group>"; };
		E9CD518823F21A4D00C36D15 /* UIImageExtensionTests.swift */ = {isa = PBXFileReference; lastKnownFileType = sourcecode.swift; path = UIImageExtensionTests.swift; sourceTree = "<group>"; };
		E9CD518A23F21CC700C36D15 /* Media.xcassets */ = {isa = PBXFileReference; lastKnownFileType = folder.assetcatalog; path = Media.xcassets; sourceTree = "<group>"; };
		E9CF82FF239C01DA00DB309F /* SetsQueryResult.swift */ = {isa = PBXFileReference; lastKnownFileType = sourcecode.swift; path = SetsQueryResult.swift; sourceTree = "<group>"; };
		E9D79D3C23A8C16600046B41 /* UIImageService.swift */ = {isa = PBXFileReference; lastKnownFileType = sourcecode.swift; path = UIImageService.swift; sourceTree = "<group>"; };
		E9D79D3E23A8C27000046B41 /* UIImageServiceDelegate.swift */ = {isa = PBXFileReference; lastKnownFileType = sourcecode.swift; path = UIImageServiceDelegate.swift; sourceTree = "<group>"; };
		E9D79D4623A9521300046B41 /* Fastlane.xctest */ = {isa = PBXFileReference; explicitFileType = wrapper.cfbundle; includeInIndex = 0; path = Fastlane.xctest; sourceTree = BUILT_PRODUCTS_DIR; };
		E9D79D4823A9521300046B41 /* Fastlane.swift */ = {isa = PBXFileReference; lastKnownFileType = sourcecode.swift; path = Fastlane.swift; sourceTree = "<group>"; };
		E9D79D4A23A9521300046B41 /* Info.plist */ = {isa = PBXFileReference; lastKnownFileType = text.plist.xml; path = Info.plist; sourceTree = "<group>"; };
		E9D79D5023A9525200046B41 /* SnapshotHelper.swift */ = {isa = PBXFileReference; fileEncoding = 4; lastKnownFileType = sourcecode.swift; name = SnapshotHelper.swift; path = fastlane/SnapshotHelper.swift; sourceTree = SOURCE_ROOT; };
		E9DF836923BDD7B9003D28A6 /* SearchViewModel.swift */ = {isa = PBXFileReference; lastKnownFileType = sourcecode.swift; path = SearchViewModel.swift; sourceTree = "<group>"; };
		E9DF836B23BE7349003D28A6 /* SearchTableViewCell.swift */ = {isa = PBXFileReference; lastKnownFileType = sourcecode.swift; path = SearchTableViewCell.swift; sourceTree = "<group>"; };
		E9F741BD23F372FE00FA1805 /* LaunchArguments.swift */ = {isa = PBXFileReference; lastKnownFileType = sourcecode.swift; path = LaunchArguments.swift; sourceTree = "<group>"; };
		E9FBC1C423A360EB003D96C1 /* LegoIos.xcdatamodel */ = {isa = PBXFileReference; lastKnownFileType = wrapper.xcdatamodel; path = LegoIos.xcdatamodel; sourceTree = "<group>"; };
/* End PBXFileReference section */

/* Begin PBXFrameworksBuildPhase section */
		E976202F2177B1A4009257E8 /* Frameworks */ = {
			isa = PBXFrameworksBuildPhase;
			buildActionMask = 2147483647;
			files = (
			);
			runOnlyForDeploymentPostprocessing = 0;
		};
		E97620452177B1A7009257E8 /* Frameworks */ = {
			isa = PBXFrameworksBuildPhase;
			buildActionMask = 2147483647;
			files = (
			);
			runOnlyForDeploymentPostprocessing = 0;
		};
		E97620502177B1A7009257E8 /* Frameworks */ = {
			isa = PBXFrameworksBuildPhase;
			buildActionMask = 2147483647;
			files = (
			);
			runOnlyForDeploymentPostprocessing = 0;
		};
		E9D79D4323A9521300046B41 /* Frameworks */ = {
			isa = PBXFrameworksBuildPhase;
			buildActionMask = 2147483647;
			files = (
			);
			runOnlyForDeploymentPostprocessing = 0;
		};
/* End PBXFrameworksBuildPhase section */

/* Begin PBXGroup section */
		E97620292177B1A4009257E8 = {
			isa = PBXGroup;
			children = (
				E99F4AC223F36CF5008DE7A4 /* Default-568h@2x.png */,
				E97620342177B1A4009257E8 /* LegoIos */,
				E976204B2177B1A7009257E8 /* LegoIosTests */,
				E97620562177B1A7009257E8 /* LegoIosUITests */,
				E9D79D4723A9521300046B41 /* Fastlane */,
				E97620332177B1A4009257E8 /* Products */,
			);
			sourceTree = "<group>";
		};
		E97620332177B1A4009257E8 /* Products */ = {
			isa = PBXGroup;
			children = (
				E97620322177B1A4009257E8 /* LegoIos.app */,
				E97620482177B1A7009257E8 /* LegoIosTests.xctest */,
				E97620532177B1A7009257E8 /* LegoIosUITests.xctest */,
				E9D79D4623A9521300046B41 /* Fastlane.xctest */,
			);
			name = Products;
			sourceTree = "<group>";
		};
		E97620342177B1A4009257E8 /* LegoIos */ = {
			isa = PBXGroup;
			children = (
				E9CD518323F1E89A00C36D15 /* Network */,
				E97CD4AF23DA38A5001A3361 /* Navigation */,
				E97CD4AC23DA32C8001A3361 /* Parts */,
				E97CD4AA23DA329D001A3361 /* Set List */,
				E97CD4AD23DA32DA001A3361 /* Search */,
				E97CD4AB23DA32B8001A3361 /* Set Detail */,
				E97CD4AE23DA32EC001A3361 /* Policies */,
				E9CF82FE239C013400DB309F /* Models */,
				E9D79D3423A8231300046B41 /* Services */,
				E9D79D3523A8235B00046B41 /* Protocols */,
				E988FF71239A2BDC006272FD /* Extensions */,
				E9960ACB23A26DBE00E2FE18 /* StoryBoards */,
				E97022D423E9F0E4005D7E79 /* AppConfig.swift */,
				E97620352177B1A4009257E8 /* AppDelegate.swift */,
				E976203E2177B1A7009257E8 /* Assets.xcassets */,
				E97620432177B1A7009257E8 /* Info.plist */,
				E9FBC1C323A360EB003D96C1 /* LegoIos.xcdatamodeld */,
				E9A85A6723B5E456005A5A35 /* Constants.swift */,
			);
			path = LegoIos;
			sourceTree = "<group>";
		};
		E976204B2177B1A7009257E8 /* LegoIosTests */ = {
			isa = PBXGroup;
			children = (
				E9CD518023F1E1EE00C36D15 /* SetPartsViewModelTests.swift */,
				E976204C2177B1A7009257E8 /* LegoIosTests.swift */,
				E976204E2177B1A7009257E8 /* Info.plist */,
				E9CD518823F21A4D00C36D15 /* UIImageExtensionTests.swift */,
				E9CD518A23F21CC700C36D15 /* Media.xcassets */,
			);
			path = LegoIosTests;
			sourceTree = "<group>";
		};
		E97620562177B1A7009257E8 /* LegoIosUITests */ = {
			isa = PBXGroup;
			children = (
				E91134F823F34ED4009C23E2 /* LegoIos.xctestplan */,
				E9F741BD23F372FE00FA1805 /* LaunchArguments.swift */,
				E97CD4B023DD80E1001A3361 /* TestHelpers.swift */,
				E97620592177B1A7009257E8 /* Info.plist */,
				E9CD517723ECC58E00C36D15 /* PartsTests.swift */,
				E9CD517D23ECC5E200C36D15 /* PoliciesTests.swift */,
				E9CD517923ECC5B200C36D15 /* SearchTests.swift */,
				E9CD517B23ECC5CA00C36D15 /* SetDetailTests.swift */,
				E97620572177B1A7009257E8 /* SetListTests.swift */,
				E9CD517523ECC55600C36D15 /* TabBarTests.swift */,
			);
			path = LegoIosUITests;
			sourceTree = "<group>";
		};
		E97CD4AA23DA329D001A3361 /* Set List */ = {
			isa = PBXGroup;
			children = (
				E9047CAC23A80900005183AB /* SetsViewModel.swift */,
				E988FF67239852F0006272FD /* SetsTableViewController.swift */,
				E951C2E12398310D00EF90CC /* SetsTableViewCell.swift */,
			);
			path = "Set List";
			sourceTree = "<group>";
		};
		E97CD4AB23DA32B8001A3361 /* Set Detail */ = {
			isa = PBXGroup;
			children = (
				E9A85A6123B55BFA005A5A35 /* SetDetailsViewModel.swift */,
				E9C771CE23BA276800D2BCB2 /* SetDetailsViewController.swift */,
			);
			path = "Set Detail";
			sourceTree = "<group>";
		};
		E97CD4AC23DA32C8001A3361 /* Parts */ = {
			isa = PBXGroup;
			children = (
				E9C771C623BA18DC00D2BCB2 /* SetPartsTableViewController.swift */,
				E9C771C823BA191200D2BCB2 /* SetPartsTableViewCell.swift */,
				E9C771CA23BA223400D2BCB2 /* SetPartsViewModel.swift */,
				E977053B23C51C4100B5E002 /* SetPartViewModel.swift */,
			);
			path = Parts;
			sourceTree = "<group>";
		};
		E97CD4AD23DA32DA001A3361 /* Search */ = {
			isa = PBXGroup;
			children = (
				E9DF836B23BE7349003D28A6 /* SearchTableViewCell.swift */,
				E9C771DE23BDD22D00D2BCB2 /* SearchTableViewController.swift */,
				E9DF836923BDD7B9003D28A6 /* SearchViewModel.swift */,
			);
			path = Search;
			sourceTree = "<group>";
		};
		E97CD4AE23DA32EC001A3361 /* Policies */ = {
			isa = PBXGroup;
			children = (
				E977053823C09DD000B5E002 /* InfoViewController.swift */,
			);
			path = Policies;
			sourceTree = "<group>";
		};
		E97CD4AF23DA38A5001A3361 /* Navigation */ = {
			isa = PBXGroup;
			children = (
				E9960AD523A2714D00E2FE18 /* SetTabBarViewController.swift */,
			);
			path = Navigation;
			sourceTree = "<group>";
		};
		E988FF71239A2BDC006272FD /* Extensions */ = {
			isa = PBXGroup;
			children = (
				E988FF72239A2BFF006272FD /* UIImageExtension.swift */,
				E9023EF323F5E71F0099EFEE /* ArrayExtension.swift */,
			);
			path = Extensions;
			sourceTree = "<group>";
		};
		E9960ACB23A26DBE00E2FE18 /* StoryBoards */ = {
			isa = PBXGroup;
			children = (
				E976203B2177B1A4009257E8 /* Main.storyboard */,
				E97620402177B1A7009257E8 /* LaunchScreen.storyboard */,
				E9960ACE23A26E0800E2FE18 /* SetDetails.storyboard */,
			);
			path = StoryBoards;
			sourceTree = "<group>";
		};
		E9CD518323F1E89A00C36D15 /* Network */ = {
			isa = PBXGroup;
			children = (
				E9CD518423F1E8E700C36D15 /* API.swift */,
				E9CD518623F1E94800C36D15 /* APIDelegate.swift */,
			);
			path = Network;
			sourceTree = "<group>";
		};
		E9CF82FE239C013400DB309F /* Models */ = {
			isa = PBXGroup;
			children = (
				E951C2DF239830AD00EF90CC /* Set.swift */,
				E9CF82FF239C01DA00DB309F /* SetsQueryResult.swift */,
				E96B541B23AC161E00EC5416 /* SetCell.swift */,
				E9A85A6923B74867005A5A35 /* Theme.swift */,
				E9C771D023BA2A6200D2BCB2 /* SetPartsQueryResult.swift */,
				E9C771D223BA2B1900D2BCB2 /* SetPartDetailed.swift */,
				E9C771D423BA2BEC00D2BCB2 /* SetPart.swift */,
				E9C771D623BA2DB500D2BCB2 /* SetPartColor.swift */,
				E9C771DA23BA89DE00D2BCB2 /* JSONNull.swift */,
				E977053D23C51FEE00B5E002 /* SetPartCell.swift */,
			);
			path = Models;
			sourceTree = "<group>";
		};
		E9D79D3423A8231300046B41 /* Services */ = {
			isa = PBXGroup;
			children = (
				E9D79D3C23A8C16600046B41 /* UIImageService.swift */,
			);
			path = Services;
			sourceTree = "<group>";
		};
		E9D79D3523A8235B00046B41 /* Protocols */ = {
			isa = PBXGroup;
			children = (
				E9510D8623AFBF7B0092E487 /* UISetDelegate.swift */,
				E9D79D3E23A8C27000046B41 /* UIImageServiceDelegate.swift */,
			);
			path = Protocols;
			sourceTree = "<group>";
		};
		E9D79D4723A9521300046B41 /* Fastlane */ = {
			isa = PBXGroup;
			children = (
				E9D79D5023A9525200046B41 /* SnapshotHelper.swift */,
				E9D79D4823A9521300046B41 /* Fastlane.swift */,
				E9D79D4A23A9521300046B41 /* Info.plist */,
			);
			path = Fastlane;
			sourceTree = "<group>";
		};
/* End PBXGroup section */

/* Begin PBXNativeTarget section */
		E97620312177B1A4009257E8 /* LegoIos */ = {
			isa = PBXNativeTarget;
			buildConfigurationList = E976205C2177B1A7009257E8 /* Build configuration list for PBXNativeTarget "LegoIos" */;
			buildPhases = (
				E976202E2177B1A4009257E8 /* Sources */,
				E976202F2177B1A4009257E8 /* Frameworks */,
				E97620302177B1A4009257E8 /* Resources */,
				E9B4A82023A2E72800DCE54F /* SwiftLint */,
			);
			buildRules = (
			);
			dependencies = (
			);
			name = LegoIos;
			productName = LegoIos;
			productReference = E97620322177B1A4009257E8 /* LegoIos.app */;
			productType = "com.apple.product-type.application";
		};
		E97620472177B1A7009257E8 /* LegoIosTests */ = {
			isa = PBXNativeTarget;
			buildConfigurationList = E976205F2177B1A7009257E8 /* Build configuration list for PBXNativeTarget "LegoIosTests" */;
			buildPhases = (
				E97620442177B1A7009257E8 /* Sources */,
				E97620452177B1A7009257E8 /* Frameworks */,
				E97620462177B1A7009257E8 /* Resources */,
			);
			buildRules = (
			);
			dependencies = (
				E976204A2177B1A7009257E8 /* PBXTargetDependency */,
			);
			name = LegoIosTests;
			productName = LegoIosTests;
			productReference = E97620482177B1A7009257E8 /* LegoIosTests.xctest */;
			productType = "com.apple.product-type.bundle.unit-test";
		};
		E97620522177B1A7009257E8 /* LegoIosUITests */ = {
			isa = PBXNativeTarget;
			buildConfigurationList = E97620622177B1A7009257E8 /* Build configuration list for PBXNativeTarget "LegoIosUITests" */;
			buildPhases = (
				E976204F2177B1A7009257E8 /* Sources */,
				E97620502177B1A7009257E8 /* Frameworks */,
				E97620512177B1A7009257E8 /* Resources */,
			);
			buildRules = (
			);
			dependencies = (
				E97620552177B1A7009257E8 /* PBXTargetDependency */,
			);
			name = LegoIosUITests;
			productName = LegoIosUITests;
			productReference = E97620532177B1A7009257E8 /* LegoIosUITests.xctest */;
			productType = "com.apple.product-type.bundle.ui-testing";
		};
		E9D79D4523A9521300046B41 /* Fastlane */ = {
			isa = PBXNativeTarget;
			buildConfigurationList = E9D79D4F23A9521300046B41 /* Build configuration list for PBXNativeTarget "Fastlane" */;
			buildPhases = (
				E9D79D4223A9521300046B41 /* Sources */,
				E9D79D4323A9521300046B41 /* Frameworks */,
				E9D79D4423A9521300046B41 /* Resources */,
			);
			buildRules = (
			);
			dependencies = (
				E9D79D4C23A9521300046B41 /* PBXTargetDependency */,
			);
			name = Fastlane;
			productName = Fastlane;
			productReference = E9D79D4623A9521300046B41 /* Fastlane.xctest */;
			productType = "com.apple.product-type.bundle.ui-testing";
		};
/* End PBXNativeTarget section */

/* Begin PBXProject section */
		E976202A2177B1A4009257E8 /* Project object */ = {
			isa = PBXProject;
			attributes = {
				LastSwiftUpdateCheck = 1130;
				LastUpgradeCheck = 1000;
				ORGANIZATIONNAME = Mebius;
				TargetAttributes = {
					E97620312177B1A4009257E8 = {
						CreatedOnToolsVersion = 10.0;
						LastSwiftMigration = 1120;
					};
					E97620472177B1A7009257E8 = {
						CreatedOnToolsVersion = 10.0;
						LastSwiftMigration = 1120;
						TestTargetID = E97620312177B1A4009257E8;
					};
					E97620522177B1A7009257E8 = {
						CreatedOnToolsVersion = 10.0;
						LastSwiftMigration = 1120;
						TestTargetID = E97620312177B1A4009257E8;
					};
					E9D79D4523A9521300046B41 = {
						CreatedOnToolsVersion = 11.3;
						TestTargetID = E97620312177B1A4009257E8;
					};
				};
			};
			buildConfigurationList = E976202D2177B1A4009257E8 /* Build configuration list for PBXProject "LegoIos" */;
			compatibilityVersion = "Xcode 9.3";
			developmentRegion = en;
			hasScannedForEncodings = 0;
			knownRegions = (
				en,
				Base,
			);
			mainGroup = E97620292177B1A4009257E8;
			productRefGroup = E97620332177B1A4009257E8 /* Products */;
			projectDirPath = "";
			projectRoot = "";
			targets = (
				E97620312177B1A4009257E8 /* LegoIos */,
				E97620472177B1A7009257E8 /* LegoIosTests */,
				E97620522177B1A7009257E8 /* LegoIosUITests */,
				E9D79D4523A9521300046B41 /* Fastlane */,
			);
		};
/* End PBXProject section */

/* Begin PBXResourcesBuildPhase section */
		E97620302177B1A4009257E8 /* Resources */ = {
			isa = PBXResourcesBuildPhase;
			buildActionMask = 2147483647;
			files = (
				E97620422177B1A7009257E8 /* LaunchScreen.storyboard in Resources */,
				E976203F2177B1A7009257E8 /* Assets.xcassets in Resources */,
				E976203D2177B1A4009257E8 /* Main.storyboard in Resources */,
				E99F4AC323F36CF5008DE7A4 /* Default-568h@2x.png in Resources */,
				E9960ACF23A26E0800E2FE18 /* SetDetails.storyboard in Resources */,
			);
			runOnlyForDeploymentPostprocessing = 0;
		};
		E97620462177B1A7009257E8 /* Resources */ = {
			isa = PBXResourcesBuildPhase;
			buildActionMask = 2147483647;
			files = (
				E9CD518B23F21CC700C36D15 /* Media.xcassets in Resources */,
			);
			runOnlyForDeploymentPostprocessing = 0;
		};
		E97620512177B1A7009257E8 /* Resources */ = {
			isa = PBXResourcesBuildPhase;
			buildActionMask = 2147483647;
			files = (
			);
			runOnlyForDeploymentPostprocessing = 0;
		};
		E9D79D4423A9521300046B41 /* Resources */ = {
			isa = PBXResourcesBuildPhase;
			buildActionMask = 2147483647;
			files = (
			);
			runOnlyForDeploymentPostprocessing = 0;
		};
/* End PBXResourcesBuildPhase section */

/* Begin PBXShellScriptBuildPhase section */
		E9B4A82023A2E72800DCE54F /* SwiftLint */ = {
			isa = PBXShellScriptBuildPhase;
			buildActionMask = 2147483647;
			files = (
			);
			inputFileListPaths = (
			);
			inputPaths = (
			);
			name = SwiftLint;
			outputFileListPaths = (
			);
			outputPaths = (
			);
			runOnlyForDeploymentPostprocessing = 0;
			shellPath = /bin/sh;
			shellScript = "if which swiftlint >/dev/null; then\n  swiftlint\nelse\n  echo \"warning: SwiftLint not installed, download from https://github.com/realm/SwiftLint\"\nfi\n";
		};
/* End PBXShellScriptBuildPhase section */

/* Begin PBXSourcesBuildPhase section */
		E976202E2177B1A4009257E8 /* Sources */ = {
			isa = PBXSourcesBuildPhase;
			buildActionMask = 2147483647;
			files = (
				E9A85A6823B5E456005A5A35 /* Constants.swift in Sources */,
				E97022D523E9F0E4005D7E79 /* AppConfig.swift in Sources */,
				E9D79D3D23A8C16600046B41 /* UIImageService.swift in Sources */,
				E9A85A6A23B74867005A5A35 /* Theme.swift in Sources */,
				E9CF8300239C01DA00DB309F /* SetsQueryResult.swift in Sources */,
				E9C771D723BA2DB600D2BCB2 /* SetPartColor.swift in Sources */,
				E951C2E0239830AD00EF90CC /* Set.swift in Sources */,
				E9FBC1C523A360EB003D96C1 /* LegoIos.xcdatamodeld in Sources */,
				E9C771D123BA2A6200D2BCB2 /* SetPartsQueryResult.swift in Sources */,
				E9C771CF23BA276800D2BCB2 /* SetDetailsViewController.swift in Sources */,
				E9DF836C23BE7349003D28A6 /* SearchTableViewCell.swift in Sources */,
				E9C771D323BA2B1900D2BCB2 /* SetPartDetailed.swift in Sources */,
				E9DF836A23BDD7B9003D28A6 /* SearchViewModel.swift in Sources */,
				E9D79D3F23A8C27000046B41 /* UIImageServiceDelegate.swift in Sources */,
				E9C771DB23BA89DE00D2BCB2 /* JSONNull.swift in Sources */,
				E977053C23C51C4100B5E002 /* SetPartViewModel.swift in Sources */,
				E9C771D523BA2BEC00D2BCB2 /* SetPart.swift in Sources */,
				E9A85A6223B55BFA005A5A35 /* SetDetailsViewModel.swift in Sources */,
				E96B541C23AC161E00EC5416 /* SetCell.swift in Sources */,
				E9047CAD23A80900005183AB /* SetsViewModel.swift in Sources */,
				E977053923C09DD000B5E002 /* InfoViewController.swift in Sources */,
				E9C771C723BA18DC00D2BCB2 /* SetPartsTableViewController.swift in Sources */,
				E9CD518523F1E8E700C36D15 /* API.swift in Sources */,
				E977053E23C51FEE00B5E002 /* SetPartCell.swift in Sources */,
				E951C2E22398310D00EF90CC /* SetsTableViewCell.swift in Sources */,
				E9023EF423F5E71F0099EFEE /* ArrayExtension.swift in Sources */,
				E9C771DF23BDD22D00D2BCB2 /* SearchTableViewController.swift in Sources */,
				E9510D8723AFBF7B0092E487 /* UISetDelegate.swift in Sources */,
				E9CD518723F1E94800C36D15 /* APIDelegate.swift in Sources */,
				E988FF73239A2BFF006272FD /* UIImageExtension.swift in Sources */,
				E988FF68239852F0006272FD /* SetsTableViewController.swift in Sources */,
				E97620362177B1A4009257E8 /* AppDelegate.swift in Sources */,
				E9960AD623A2714D00E2FE18 /* SetTabBarViewController.swift in Sources */,
				E9C771C923BA191200D2BCB2 /* SetPartsTableViewCell.swift in Sources */,
				E9C771CB23BA223400D2BCB2 /* SetPartsViewModel.swift in Sources */,
			);
			runOnlyForDeploymentPostprocessing = 0;
		};
		E97620442177B1A7009257E8 /* Sources */ = {
			isa = PBXSourcesBuildPhase;
			buildActionMask = 2147483647;
			files = (
				E976204D2177B1A7009257E8 /* LegoIosTests.swift in Sources */,
				E9CD518923F21A4D00C36D15 /* UIImageExtensionTests.swift in Sources */,
				E9CD518123F1E1EE00C36D15 /* SetPartsViewModelTests.swift in Sources */,
			);
			runOnlyForDeploymentPostprocessing = 0;
		};
		E976204F2177B1A7009257E8 /* Sources */ = {
			isa = PBXSourcesBuildPhase;
			buildActionMask = 2147483647;
			files = (
				E9CD517823ECC58E00C36D15 /* PartsTests.swift in Sources */,
				E9F741BE23F372FE00FA1805 /* LaunchArguments.swift in Sources */,
				E9CD517623ECC55600C36D15 /* TabBarTests.swift in Sources */,
				E9CD517A23ECC5B200C36D15 /* SearchTests.swift in Sources */,
				E9CD517E23ECC5E200C36D15 /* PoliciesTests.swift in Sources */,
				E9CD517C23ECC5CA00C36D15 /* SetDetailTests.swift in Sources */,
				E97620582177B1A7009257E8 /* SetListTests.swift in Sources */,
				E9CD517323ECC3D400C36D15 /* TestHelpers.swift in Sources */,
			);
			runOnlyForDeploymentPostprocessing = 0;
		};
		E9D79D4223A9521300046B41 /* Sources */ = {
			isa = PBXSourcesBuildPhase;
			buildActionMask = 2147483647;
			files = (
				E9D79D4923A9521300046B41 /* Fastlane.swift in Sources */,
				E9D79D5123A9525200046B41 /* SnapshotHelper.swift in Sources */,
			);
			runOnlyForDeploymentPostprocessing = 0;
		};
/* End PBXSourcesBuildPhase section */

/* Begin PBXTargetDependency section */
		E976204A2177B1A7009257E8 /* PBXTargetDependency */ = {
			isa = PBXTargetDependency;
			target = E97620312177B1A4009257E8 /* LegoIos */;
			targetProxy = E97620492177B1A7009257E8 /* PBXContainerItemProxy */;
		};
		E97620552177B1A7009257E8 /* PBXTargetDependency */ = {
			isa = PBXTargetDependency;
			target = E97620312177B1A4009257E8 /* LegoIos */;
			targetProxy = E97620542177B1A7009257E8 /* PBXContainerItemProxy */;
		};
		E9D79D4C23A9521300046B41 /* PBXTargetDependency */ = {
			isa = PBXTargetDependency;
			target = E97620312177B1A4009257E8 /* LegoIos */;
			targetProxy = E9D79D4B23A9521300046B41 /* PBXContainerItemProxy */;
		};
/* End PBXTargetDependency section */

/* Begin PBXVariantGroup section */
		E976203B2177B1A4009257E8 /* Main.storyboard */ = {
			isa = PBXVariantGroup;
			children = (
				E976203C2177B1A4009257E8 /* Base */,
			);
			name = Main.storyboard;
			sourceTree = "<group>";
		};
		E97620402177B1A7009257E8 /* LaunchScreen.storyboard */ = {
			isa = PBXVariantGroup;
			children = (
				E97620412177B1A7009257E8 /* Base */,
			);
			name = LaunchScreen.storyboard;
			sourceTree = "<group>";
		};
/* End PBXVariantGroup section */

/* Begin XCBuildConfiguration section */
		E976205A2177B1A7009257E8 /* Debug */ = {
			isa = XCBuildConfiguration;
			buildSettings = {
				ALWAYS_SEARCH_USER_PATHS = NO;
				CLANG_ANALYZER_NONNULL = YES;
				CLANG_ANALYZER_NUMBER_OBJECT_CONVERSION = YES_AGGRESSIVE;
				CLANG_CXX_LANGUAGE_STANDARD = "gnu++14";
				CLANG_CXX_LIBRARY = "libc++";
				CLANG_ENABLE_MODULES = YES;
				CLANG_ENABLE_OBJC_ARC = YES;
				CLANG_ENABLE_OBJC_WEAK = YES;
				CLANG_WARN_BLOCK_CAPTURE_AUTORELEASING = YES;
				CLANG_WARN_BOOL_CONVERSION = YES;
				CLANG_WARN_COMMA = YES;
				CLANG_WARN_CONSTANT_CONVERSION = YES;
				CLANG_WARN_DEPRECATED_OBJC_IMPLEMENTATIONS = YES;
				CLANG_WARN_DIRECT_OBJC_ISA_USAGE = YES_ERROR;
				CLANG_WARN_DOCUMENTATION_COMMENTS = YES;
				CLANG_WARN_EMPTY_BODY = YES;
				CLANG_WARN_ENUM_CONVERSION = YES;
				CLANG_WARN_INFINITE_RECURSION = YES;
				CLANG_WARN_INT_CONVERSION = YES;
				CLANG_WARN_NON_LITERAL_NULL_CONVERSION = YES;
				CLANG_WARN_OBJC_IMPLICIT_RETAIN_SELF = YES;
				CLANG_WARN_OBJC_LITERAL_CONVERSION = YES;
				CLANG_WARN_OBJC_ROOT_CLASS = YES_ERROR;
				CLANG_WARN_RANGE_LOOP_ANALYSIS = YES;
				CLANG_WARN_STRICT_PROTOTYPES = YES;
				CLANG_WARN_SUSPICIOUS_MOVE = YES;
				CLANG_WARN_UNGUARDED_AVAILABILITY = YES_AGGRESSIVE;
				CLANG_WARN_UNREACHABLE_CODE = YES;
				CLANG_WARN__DUPLICATE_METHOD_MATCH = YES;
				CODE_SIGN_IDENTITY = "iPhone Developer";
				COPY_PHASE_STRIP = NO;
				DEBUG_INFORMATION_FORMAT = dwarf;
				ENABLE_STRICT_OBJC_MSGSEND = YES;
				ENABLE_TESTABILITY = YES;
				GCC_C_LANGUAGE_STANDARD = gnu11;
				GCC_DYNAMIC_NO_PIC = NO;
				GCC_NO_COMMON_BLOCKS = YES;
				GCC_OPTIMIZATION_LEVEL = 0;
				GCC_PREPROCESSOR_DEFINITIONS = (
					"DEBUG=1",
					"$(inherited)",
				);
				GCC_WARN_64_TO_32_BIT_CONVERSION = YES;
				GCC_WARN_ABOUT_RETURN_TYPE = YES_ERROR;
				GCC_WARN_UNDECLARED_SELECTOR = YES;
				GCC_WARN_UNINITIALIZED_AUTOS = YES_AGGRESSIVE;
				GCC_WARN_UNUSED_FUNCTION = YES;
				GCC_WARN_UNUSED_VARIABLE = YES;
				IPHONEOS_DEPLOYMENT_TARGET = 12.0;
				MTL_ENABLE_DEBUG_INFO = INCLUDE_SOURCE;
				MTL_FAST_MATH = YES;
				ONLY_ACTIVE_ARCH = YES;
				SDKROOT = iphoneos;
				SWIFT_ACTIVE_COMPILATION_CONDITIONS = DEBUG;
				SWIFT_OPTIMIZATION_LEVEL = "-Onone";
			};
			name = Debug;
		};
		E976205B2177B1A7009257E8 /* Release */ = {
			isa = XCBuildConfiguration;
			buildSettings = {
				ALWAYS_SEARCH_USER_PATHS = NO;
				CLANG_ANALYZER_NONNULL = YES;
				CLANG_ANALYZER_NUMBER_OBJECT_CONVERSION = YES_AGGRESSIVE;
				CLANG_CXX_LANGUAGE_STANDARD = "gnu++14";
				CLANG_CXX_LIBRARY = "libc++";
				CLANG_ENABLE_MODULES = YES;
				CLANG_ENABLE_OBJC_ARC = YES;
				CLANG_ENABLE_OBJC_WEAK = YES;
				CLANG_WARN_BLOCK_CAPTURE_AUTORELEASING = YES;
				CLANG_WARN_BOOL_CONVERSION = YES;
				CLANG_WARN_COMMA = YES;
				CLANG_WARN_CONSTANT_CONVERSION = YES;
				CLANG_WARN_DEPRECATED_OBJC_IMPLEMENTATIONS = YES;
				CLANG_WARN_DIRECT_OBJC_ISA_USAGE = YES_ERROR;
				CLANG_WARN_DOCUMENTATION_COMMENTS = YES;
				CLANG_WARN_EMPTY_BODY = YES;
				CLANG_WARN_ENUM_CONVERSION = YES;
				CLANG_WARN_INFINITE_RECURSION = YES;
				CLANG_WARN_INT_CONVERSION = YES;
				CLANG_WARN_NON_LITERAL_NULL_CONVERSION = YES;
				CLANG_WARN_OBJC_IMPLICIT_RETAIN_SELF = YES;
				CLANG_WARN_OBJC_LITERAL_CONVERSION = YES;
				CLANG_WARN_OBJC_ROOT_CLASS = YES_ERROR;
				CLANG_WARN_RANGE_LOOP_ANALYSIS = YES;
				CLANG_WARN_STRICT_PROTOTYPES = YES;
				CLANG_WARN_SUSPICIOUS_MOVE = YES;
				CLANG_WARN_UNGUARDED_AVAILABILITY = YES_AGGRESSIVE;
				CLANG_WARN_UNREACHABLE_CODE = YES;
				CLANG_WARN__DUPLICATE_METHOD_MATCH = YES;
				CODE_SIGN_IDENTITY = "iPhone Developer";
				COPY_PHASE_STRIP = NO;
				DEBUG_INFORMATION_FORMAT = "dwarf-with-dsym";
				ENABLE_NS_ASSERTIONS = NO;
				ENABLE_STRICT_OBJC_MSGSEND = YES;
				GCC_C_LANGUAGE_STANDARD = gnu11;
				GCC_NO_COMMON_BLOCKS = YES;
				GCC_WARN_64_TO_32_BIT_CONVERSION = YES;
				GCC_WARN_ABOUT_RETURN_TYPE = YES_ERROR;
				GCC_WARN_UNDECLARED_SELECTOR = YES;
				GCC_WARN_UNINITIALIZED_AUTOS = YES_AGGRESSIVE;
				GCC_WARN_UNUSED_FUNCTION = YES;
				GCC_WARN_UNUSED_VARIABLE = YES;
				IPHONEOS_DEPLOYMENT_TARGET = 12.0;
				MTL_ENABLE_DEBUG_INFO = NO;
				MTL_FAST_MATH = YES;
				SDKROOT = iphoneos;
				SWIFT_COMPILATION_MODE = wholemodule;
				SWIFT_OPTIMIZATION_LEVEL = "-O";
				VALIDATE_PRODUCT = YES;
			};
			name = Release;
		};
		E976205D2177B1A7009257E8 /* Debug */ = {
			isa = XCBuildConfiguration;
			buildSettings = {
				ASSETCATALOG_COMPILER_APPICON_NAME = AppIcon;
				CODE_SIGN_IDENTITY = "iPhone Distribution";
				CODE_SIGN_STYLE = Manual;
				CURRENT_PROJECT_VERSION = 29;
				DEVELOPMENT_TEAM = 868NW64LNM;
				INFOPLIST_FILE = LegoIos/Info.plist;
				IPHONEOS_DEPLOYMENT_TARGET = 13.2;
				LD_RUNPATH_SEARCH_PATHS = (
					"$(inherited)",
					"@executable_path/Frameworks",
				);
				PRODUCT_BUNDLE_IDENTIFIER = mebius.LegoIos;
				PRODUCT_NAME = "$(TARGET_NAME)";
				PROVISIONING_PROFILE_SPECIFIER = "mebius.LegoIos AppStore";
				SWIFT_VERSION = 5.0;
				TARGETED_DEVICE_FAMILY = 1;
				VERSIONING_SYSTEM = "apple-generic";
			};
			name = Debug;
		};
		E976205E2177B1A7009257E8 /* Release */ = {
			isa = XCBuildConfiguration;
			buildSettings = {
				ASSETCATALOG_COMPILER_APPICON_NAME = AppIcon;
				CODE_SIGN_IDENTITY = "iPhone Distribution";
				CODE_SIGN_STYLE = Manual;
				CURRENT_PROJECT_VERSION = 29;
				DEVELOPMENT_TEAM = 868NW64LNM;
				INFOPLIST_FILE = LegoIos/Info.plist;
				IPHONEOS_DEPLOYMENT_TARGET = 13.2;
				LD_RUNPATH_SEARCH_PATHS = (
					"$(inherited)",
					"@executable_path/Frameworks",
				);
				PRODUCT_BUNDLE_IDENTIFIER = mebius.LegoIos;
				PRODUCT_NAME = "$(TARGET_NAME)";
				PROVISIONING_PROFILE_SPECIFIER = "mebius.LegoIos AppStore";
				SWIFT_VERSION = 5.0;
				TARGETED_DEVICE_FAMILY = 1;
				VERSIONING_SYSTEM = "apple-generic";
			};
			name = Release;
		};
		E97620602177B1A7009257E8 /* Debug */ = {
			isa = XCBuildConfiguration;
			buildSettings = {
				ALWAYS_EMBED_SWIFT_STANDARD_LIBRARIES = YES;
				BUNDLE_LOADER = "$(TEST_HOST)";
				CODE_SIGN_STYLE = Automatic;
				DEVELOPMENT_TEAM = 868NW64LNM;
				INFOPLIST_FILE = LegoIosTests/Info.plist;
				IPHONEOS_DEPLOYMENT_TARGET = 13.2;
				LD_RUNPATH_SEARCH_PATHS = (
					"$(inherited)",
					"@executable_path/Frameworks",
					"@loader_path/Frameworks",
				);
				PRODUCT_BUNDLE_IDENTIFIER = mebius.LegoIosTests;
				PRODUCT_NAME = "$(TARGET_NAME)";
				SWIFT_VERSION = 5.0;
				TARGETED_DEVICE_FAMILY = "1,2";
				TEST_HOST = "$(BUILT_PRODUCTS_DIR)/LegoIos.app/LegoIos";
			};
			name = Debug;
		};
		E97620612177B1A7009257E8 /* Release */ = {
			isa = XCBuildConfiguration;
			buildSettings = {
				ALWAYS_EMBED_SWIFT_STANDARD_LIBRARIES = YES;
				BUNDLE_LOADER = "$(TEST_HOST)";
				CODE_SIGN_STYLE = Automatic;
				DEVELOPMENT_TEAM = 868NW64LNM;
				INFOPLIST_FILE = LegoIosTests/Info.plist;
				IPHONEOS_DEPLOYMENT_TARGET = 13.2;
				LD_RUNPATH_SEARCH_PATHS = (
					"$(inherited)",
					"@executable_path/Frameworks",
					"@loader_path/Frameworks",
				);
				PRODUCT_BUNDLE_IDENTIFIER = mebius.LegoIosTests;
				PRODUCT_NAME = "$(TARGET_NAME)";
				SWIFT_VERSION = 5.0;
				TARGETED_DEVICE_FAMILY = "1,2";
				TEST_HOST = "$(BUILT_PRODUCTS_DIR)/LegoIos.app/LegoIos";
			};
			name = Release;
		};
		E97620632177B1A7009257E8 /* Debug */ = {
			isa = XCBuildConfiguration;
			buildSettings = {
				ALWAYS_EMBED_SWIFT_STANDARD_LIBRARIES = YES;
				CODE_SIGN_STYLE = Automatic;
				DEVELOPMENT_TEAM = 868NW64LNM;
				INFOPLIST_FILE = LegoIosUITests/Info.plist;
				IPHONEOS_DEPLOYMENT_TARGET = 13.2;
				LD_RUNPATH_SEARCH_PATHS = (
					"$(inherited)",
					"@executable_path/Frameworks",
					"@loader_path/Frameworks",
				);
				OTHER_SWIFT_FLAGS = "-DTESTING";
				PRODUCT_BUNDLE_IDENTIFIER = mebius.LegoIosUITests;
				PRODUCT_NAME = "$(TARGET_NAME)";
				SWIFT_VERSION = 5.0;
				TARGETED_DEVICE_FAMILY = "1,2";
				TEST_TARGET_NAME = LegoIos;
			};
			name = Debug;
		};
		E97620642177B1A7009257E8 /* Release */ = {
			isa = XCBuildConfiguration;
			buildSettings = {
				ALWAYS_EMBED_SWIFT_STANDARD_LIBRARIES = YES;
				CODE_SIGN_STYLE = Automatic;
				DEVELOPMENT_TEAM = 868NW64LNM;
				INFOPLIST_FILE = LegoIosUITests/Info.plist;
				IPHONEOS_DEPLOYMENT_TARGET = 13.2;
				LD_RUNPATH_SEARCH_PATHS = (
					"$(inherited)",
					"@executable_path/Frameworks",
					"@loader_path/Frameworks",
				);
				OTHER_SWIFT_FLAGS = "-DTESTING";
				PRODUCT_BUNDLE_IDENTIFIER = mebius.LegoIosUITests;
				PRODUCT_NAME = "$(TARGET_NAME)";
				SWIFT_VERSION = 5.0;
				TARGETED_DEVICE_FAMILY = "1,2";
				TEST_TARGET_NAME = LegoIos;
			};
			name = Release;
		};
		E9D79D4D23A9521300046B41 /* Debug */ = {
			isa = XCBuildConfiguration;
			buildSettings = {
				CODE_SIGN_STYLE = Automatic;
				DEVELOPMENT_TEAM = 868NW64LNM;
				INFOPLIST_FILE = Fastlane/Info.plist;
				IPHONEOS_DEPLOYMENT_TARGET = 13.2;
				LD_RUNPATH_SEARCH_PATHS = (
					"$(inherited)",
					"@executable_path/Frameworks",
					"@loader_path/Frameworks",
				);
				PRODUCT_BUNDLE_IDENTIFIER = mebius.Fastlane;
				PRODUCT_NAME = "$(TARGET_NAME)";
				PROVISIONING_PROFILE = "";
				SWIFT_VERSION = 5.0;
				TARGETED_DEVICE_FAMILY = "1,2";
				TEST_TARGET_NAME = LegoIos;
			};
			name = Debug;
		};
		E9D79D4E23A9521300046B41 /* Release */ = {
			isa = XCBuildConfiguration;
			buildSettings = {
				CODE_SIGN_STYLE = Automatic;
				DEVELOPMENT_TEAM = 868NW64LNM;
				INFOPLIST_FILE = Fastlane/Info.plist;
				IPHONEOS_DEPLOYMENT_TARGET = 13.2;
				LD_RUNPATH_SEARCH_PATHS = (
					"$(inherited)",
					"@executable_path/Frameworks",
					"@loader_path/Frameworks",
				);
				PRODUCT_BUNDLE_IDENTIFIER = mebius.Fastlane;
				PRODUCT_NAME = "$(TARGET_NAME)";
				PROVISIONING_PROFILE = "";
				SWIFT_VERSION = 5.0;
				TARGETED_DEVICE_FAMILY = "1,2";
				TEST_TARGET_NAME = LegoIos;
			};
			name = Release;
		};
/* End XCBuildConfiguration section */

/* Begin XCConfigurationList section */
		E976202D2177B1A4009257E8 /* Build configuration list for PBXProject "LegoIos" */ = {
			isa = XCConfigurationList;
			buildConfigurations = (
				E976205A2177B1A7009257E8 /* Debug */,
				E976205B2177B1A7009257E8 /* Release */,
			);
			defaultConfigurationIsVisible = 0;
			defaultConfigurationName = Release;
		};
		E976205C2177B1A7009257E8 /* Build configuration list for PBXNativeTarget "LegoIos" */ = {
			isa = XCConfigurationList;
			buildConfigurations = (
				E976205D2177B1A7009257E8 /* Debug */,
				E976205E2177B1A7009257E8 /* Release */,
			);
			defaultConfigurationIsVisible = 0;
			defaultConfigurationName = Release;
		};
		E976205F2177B1A7009257E8 /* Build configuration list for PBXNativeTarget "LegoIosTests" */ = {
			isa = XCConfigurationList;
			buildConfigurations = (
				E97620602177B1A7009257E8 /* Debug */,
				E97620612177B1A7009257E8 /* Release */,
			);
			defaultConfigurationIsVisible = 0;
			defaultConfigurationName = Release;
		};
		E97620622177B1A7009257E8 /* Build configuration list for PBXNativeTarget "LegoIosUITests" */ = {
			isa = XCConfigurationList;
			buildConfigurations = (
				E97620632177B1A7009257E8 /* Debug */,
				E97620642177B1A7009257E8 /* Release */,
			);
			defaultConfigurationIsVisible = 0;
			defaultConfigurationName = Release;
		};
		E9D79D4F23A9521300046B41 /* Build configuration list for PBXNativeTarget "Fastlane" */ = {
			isa = XCConfigurationList;
			buildConfigurations = (
				E9D79D4D23A9521300046B41 /* Debug */,
				E9D79D4E23A9521300046B41 /* Release */,
			);
			defaultConfigurationIsVisible = 0;
			defaultConfigurationName = Release;
		};
/* End XCConfigurationList section */

/* Begin XCVersionGroup section */
		E9FBC1C323A360EB003D96C1 /* LegoIos.xcdatamodeld */ = {
			isa = XCVersionGroup;
			children = (
				E9FBC1C423A360EB003D96C1 /* LegoIos.xcdatamodel */,
			);
			currentVersion = E9FBC1C423A360EB003D96C1 /* LegoIos.xcdatamodel */;
			path = LegoIos.xcdatamodeld;
			sourceTree = "<group>";
			versionGroupType = wrapper.xcdatamodel;
		};
/* End XCVersionGroup section */
	};
	rootObject = E976202A2177B1A4009257E8 /* Project object */;
}
